<?xml version="1.0" encoding="utf-8"?>
<Project ToolsVersion="4.0" xmlns="http://schemas.microsoft.com/developer/msbuild/2003">
  <ItemGroup>
    <Filter Include="源文件">
      <UniqueIdentifier>{4FC737F1-C7A5-4376-A066-2A32D752A2FF}</UniqueIdentifier>
      <Extensions>cpp;c;cc;cxx;def;odl;idl;hpj;bat;asm;asmx</Extensions>
    </Filter>
    <Filter Include="头文件">
      <UniqueIdentifier>{93995380-89BD-4b04-88EB-625FBE52EBFB}</UniqueIdentifier>
      <Extensions>h;hh;hpp;hxx;hm;inl;inc;xsd</Extensions>
    </Filter>
    <Filter Include="资源文件">
      <UniqueIdentifier>{67DA6AB6-F800-4c08-8B7A-83BB121AAD01}</UniqueIdentifier>
      <Extensions>rc;ico;cur;bmp;dlg;rc2;rct;bin;rgs;gif;jpg;jpeg;jpe;resx;tiff;tif;png;wav;mfcribbon-ms</Extensions>
    </Filter>
    <Filter Include="源文件\classifier">
      <UniqueIdentifier>{d5a9cdfb-7a7b-4815-a606-19f36b87bb39}</UniqueIdentifier>
    </Filter>
    <Filter Include="源文件\feat">
      <UniqueIdentifier>{2ab348e6-a449-4c19-ae48-5bf6edf5304e}</UniqueIdentifier>
    </Filter>
    <Filter Include="源文件\io">
      <UniqueIdentifier>{5e25a861-9935-4ce1-8b50-62b279a7c641}</UniqueIdentifier>
    </Filter>
    <Filter Include="源文件\util">
      <UniqueIdentifier>{3c508073-ca27-4023-99ae-2ae6371b4419}</UniqueIdentifier>
    </Filter>
  </ItemGroup>
  <ItemGroup>
    <ClCompile Include="src\classifier\lab_boosted_classifier.cpp">
      <Filter>源文件\classifier</Filter>
    </ClCompile>
    <ClCompile Include="src\classifier\mlp.cpp">
      <Filter>源文件\classifier</Filter>
    </ClCompile>
    <ClCompile Include="src\classifier\surf_mlp.cpp">
      <Filter>源文件\classifier</Filter>
    </ClCompile>
    <ClCompile Include="src\feat\lab_feature_map.cpp">
      <Filter>源文件\feat</Filter>
    </ClCompile>
    <ClCompile Include="src\feat\surf_feature_map.cpp">
      <Filter>源文件\feat</Filter>
    </ClCompile>
    <ClCompile Include="src\io\lab_boost_model_reader.cpp">
      <Filter>源文件\io</Filter>
    </ClCompile>
    <ClCompile Include="src\io\surf_mlp_model_reader.cpp">
      <Filter>源文件\io</Filter>
    </ClCompile>
    <ClCompile Include="src\util\image_pyramid.cpp">
      <Filter>源文件\util</Filter>
    </ClCompile>
    <ClCompile Include="src\util\nms.cpp">
      <Filter>源文件\util</Filter>
    </ClCompile>
    <ClCompile Include="src\face_detection.cpp">
      <Filter>源文件</Filter>
    </ClCompile>
    <ClCompile Include="src\fust.cpp">
      <Filter>源文件</Filter>
    </ClCompile>
  </ItemGroup>
</Project>